
Microsoft Visual Studio Solution File, Format Version 12.00
# Visual Studio Version 17
VisualStudioVersion = 17.0.31903.59
MinimumVisualStudioVersion = 10.0.40219.1
Project("{2150E333-8FDC-42A3-9474-1A3956D46DE8}") = "src", "src", "{827E0CD3-B72D-47B6-A68D-7590B98EB39B}"
EndProject
Project("{FAE04EC0-301F-11D3-BF4B-00C04F79EFBC}") = "Licitaciones.Api", "src\Licitaciones.Api\Licitaciones.Api.csproj", "{6CF23FF5-4B63-475E-8043-9F77003523D0}"
EndProject
Project("{FAE04EC0-301F-11D3-BF4B-00C04F79EFBC}") = "Licitaciones.Application", "src\Licitaciones.Application\Licitaciones.Application.csproj", "{D75A401E-5D35-4BB3-BD58-8CC1A23A185D}"
EndProject
Project("{FAE04EC0-301F-11D3-BF4B-00C04F79EFBC}") = "Licitaciones.Domain", "src\Licitaciones.Domain\Licitaciones.Domain.csproj", "{917F3A5F-E8F3-4E47-8152-1E272E87E1F3}"
EndProject
Project("{FAE04EC0-301F-11D3-BF4B-00C04F79EFBC}") = "Licitaciones.Infrastructure", "src\Licitaciones.Infrastructure\Licitaciones.Infrastructure.csproj", "{8E538A21-8B92-40B8-80E6-C86AD647F940}"
EndProject
Project("{FAE04EC0-301F-11D3-BF4B-00C04F79EFBC}") = "Licitaciones.Web", "src\Licitaciones.Web\Licitaciones.Web.csproj", "{9037D5AF-978E-4101-A578-23D00DCC8928}"
EndProject
Project("{FAE04EC0-301F-11D3-BF4B-00C04F79EFBC}") = "Licitaciones.FunctionalTests", "tests\Licitaciones.FunctionalTests\Licitaciones.FunctionalTests.csproj", "{1A457586-DFEF-42C7-B784-43BCD27FE915}"
EndProject
Project("{FAE04EC0-301F-11D3-BF4B-00C04F79EFBC}") = "Licitaciones.IntegrationTests", "tests\Licitaciones.IntegrationTests\Licitaciones.IntegrationTests.csproj", "{2891323A-9702-416E-8BA3-9A53A775E50F}"
EndProject
Project("{FAE04EC0-301F-11D3-BF4B-00C04F79EFBC}") = "Licitaciones.UnitTests", "tests\Licitaciones.UnitTests\Licitaciones.UnitTests.csproj", "{8F896723-4878-4A88-8FF4-8087EB415D46}"
EndProject
Global
	GlobalSection(SolutionConfigurationPlatforms) = preSolution
		Debug|Any CPU = Debug|Any CPU
		Debug|x64 = Debug|x64
		Debug|x86 = Debug|x86
		Release|Any CPU = Release|Any CPU
		Release|x64 = Release|x64
		Release|x86 = Release|x86
	EndGlobalSection
	GlobalSection(ProjectConfigurationPlatforms) = postSolution
		{6CF23FF5-4B63-475E-8043-9F77003523D0}.Debug|Any CPU.ActiveCfg = Debug|Any CPU
		{6CF23FF5-4B63-475E-8043-9F77003523D0}.Debug|Any CPU.Build.0 = Debug|Any CPU
		{6CF23FF5-4B63-475E-8043-9F77003523D0}.Debug|x64.ActiveCfg = Debug|Any CPU
		{6CF23FF5-4B63-475E-8043-9F77003523D0}.Debug|x64.Build.0 = Debug|Any CPU
		{6CF23FF5-4B63-475E-8043-9F77003523D0}.Debug|x86.ActiveCfg = Debug|Any CPU
		{6CF23FF5-4B63-475E-8043-9F77003523D0}.Debug|x86.Build.0 = Debug|Any CPU
		{6CF23FF5-4B63-475E-8043-9F77003523D0}.Release|Any CPU.ActiveCfg = Release|Any CPU
		{6CF23FF5-4B63-475E-8043-9F77003523D0}.Release|Any CPU.Build.0 = Release|Any CPU
		{6CF23FF5-4B63-475E-8043-9F77003523D0}.Release|x64.ActiveCfg = Release|Any CPU
		{6CF23FF5-4B63-475E-8043-9F77003523D0}.Release|x64.Build.0 = Release|Any CPU
		{6CF23FF5-4B63-475E-8043-9F77003523D0}.Release|x86.ActiveCfg = Release|Any CPU
		{6CF23FF5-4B63-475E-8043-9F77003523D0}.Release|x86.Build.0 = Release|Any CPU
		{D75A401E-5D35-4BB3-BD58-8CC1A23A185D}.Debug|Any CPU.ActiveCfg = Debug|Any CPU
		{D75A401E-5D35-4BB3-BD58-8CC1A23A185D}.Debug|Any CPU.Build.0 = Debug|Any CPU
		{D75A401E-5D35-4BB3-BD58-8CC1A23A185D}.Debug|x64.ActiveCfg = Debug|Any CPU
		{D75A401E-5D35-4BB3-BD58-8CC1A23A185D}.Debug|x64.Build.0 = Debug|Any CPU
		{D75A401E-5D35-4BB3-BD58-8CC1A23A185D}.Debug|x86.ActiveCfg = Debug|Any CPU
		{D75A401E-5D35-4BB3-BD58-8CC1A23A185D}.Debug|x86.Build.0 = Debug|Any CPU
		{D75A401E-5D35-4BB3-BD58-8CC1A23A185D}.Release|Any CPU.ActiveCfg = Release|Any CPU
		{D75A401E-5D35-4BB3-BD58-8CC1A23A185D}.Release|Any CPU.Build.0 = Release|Any CPU
		{D75A401E-5D35-4BB3-BD58-8CC1A23A185D}.Release|x64.ActiveCfg = Release|Any CPU
		{D75A401E-5D35-4BB3-BD58-8CC1A23A185D}.Release|x64.Build.0 = Release|Any CPU
		{D75A401E-5D35-4BB3-BD58-8CC1A23A185D}.Release|x86.ActiveCfg = Release|Any CPU
		{D75A401E-5D35-4BB3-BD58-8CC1A23A185D}.Release|x86.Build.0 = Release|Any CPU
		{917F3A5F-E8F3-4E47-8152-1E272E87E1F3}.Debug|Any CPU.ActiveCfg = Debug|Any CPU
		{917F3A5F-E8F3-4E47-8152-1E272E87E1F3}.Debug|Any CPU.Build.0 = Debug|Any CPU
		{917F3A5F-E8F3-4E47-8152-1E272E87E1F3}.Debug|x64.ActiveCfg = Debug|Any CPU
		{917F3A5F-E8F3-4E47-8152-1E272E87E1F3}.Debug|x64.Build.0 = Debug|Any CPU
		{917F3A5F-E8F3-4E47-8152-1E272E87E1F3}.Debug|x86.ActiveCfg = Debug|Any CPU
		{917F3A5F-E8F3-4E47-8152-1E272E87E1F3}.Debug|x86.Build.0 = Debug|Any CPU
		{917F3A5F-E8F3-4E47-8152-1E272E87E1F3}.Release|Any CPU.ActiveCfg = Release|Any CPU
		{917F3A5F-E8F3-4E47-8152-1E272E87E1F3}.Release|Any CPU.Build.0 = Release|Any CPU
		{917F3A5F-E8F3-4E47-8152-1E272E87E1F3}.Release|x64.ActiveCfg = Release|Any CPU
		{917F3A5F-E8F3-4E47-8152-1E272E87E1F3}.Release|x64.Build.0 = Release|Any CPU
		{917F3A5F-E8F3-4E47-8152-1E272E87E1F3}.Release|x86.ActiveCfg = Release|Any CPU
		{917F3A5F-E8F3-4E47-8152-1E272E87E1F3}.Release|x86.Build.0 = Release|Any CPU
		{8E538A21-8B92-40B8-80E6-C86AD647F940}.Debug|Any CPU.ActiveCfg = Debug|Any CPU
		{8E538A21-8B92-40B8-80E6-C86AD647F940}.Debug|Any CPU.Build.0 = Debug|Any CPU
		{8E538A21-8B92-40B8-80E6-C86AD647F940}.Debug|x64.ActiveCfg = Debug|Any CPU
		{8E538A21-8B92-40B8-80E6-C86AD647F940}.Debug|x64.Build.0 = Debug|Any CPU
		{8E538A21-8B92-40B8-80E6-C86AD647F940}.Debug|x86.ActiveCfg = Debug|Any CPU
		{8E538A21-8B92-40B8-80E6-C86AD647F940}.Debug|x86.Build.0 = Debug|Any CPU
		{8E538A21-8B92-40B8-80E6-C86AD647F940}.Release|Any CPU.ActiveCfg = Release|Any CPU
		{8E538A21-8B92-40B8-80E6-C86AD647F940}.Release|Any CPU.Build.0 = Release|Any CPU
		{8E538A21-8B92-40B8-80E6-C86AD647F940}.Release|x64.ActiveCfg = Release|Any CPU
		{8E538A21-8B92-40B8-80E6-C86AD647F940}.Release|x64.Build.0 = Release|Any CPU
		{8E538A21-8B92-40B8-80E6-C86AD647F940}.Release|x86.ActiveCfg = Release|Any CPU
		{8E538A21-8B92-40B8-80E6-C86AD647F940}.Release|x86.Build.0 = Release|Any CPU
		{9037D5AF-978E-4101-A578-23D00DCC8928}.Debug|Any CPU.ActiveCfg = Debug|Any CPU
		{9037D5AF-978E-4101-A578-23D00DCC8928}.Debug|Any CPU.Build.0 = Debug|Any CPU
		{9037D5AF-978E-4101-A578-23D00DCC8928}.Debug|x64.ActiveCfg = Debug|Any CPU
		{9037D5AF-978E-4101-A578-23D00DCC8928}.Debug|x64.Build.0 = Debug|Any CPU
		{9037D5AF-978E-4101-A578-23D00DCC8928}.Debug|x86.ActiveCfg = Debug|Any CPU
		{9037D5AF-978E-4101-A578-23D00DCC8928}.Debug|x86.Build.0 = Debug|Any CPU
		{9037D5AF-978E-4101-A578-23D00DCC8928}.Release|Any CPU.ActiveCfg = Release|Any CPU
		{9037D5AF-978E-4101-A578-23D00DCC8928}.Release|Any CPU.Build.0 = Release|Any CPU
		{9037D5AF-978E-4101-A578-23D00DCC8928}.Release|x64.ActiveCfg = Release|Any CPU
		{9037D5AF-978E-4101-A578-23D00DCC8928}.Release|x64.Build.0 = Release|Any CPU
		{9037D5AF-978E-4101-A578-23D00DCC8928}.Release|x86.ActiveCfg = Release|Any CPU
		{9037D5AF-978E-4101-A578-23D00DCC8928}.Release|x86.Build.0 = Release|Any CPU
		{1A457586-DFEF-42C7-B784-43BCD27FE915}.Debug|Any CPU.ActiveCfg = Debug|Any CPU
		{1A457586-DFEF-42C7-B784-43BCD27FE915}.Debug|Any CPU.Build.0 = Debug|Any CPU
		{1A457586-DFEF-42C7-B784-43BCD27FE915}.Debug|x64.ActiveCfg = Debug|Any CPU
		{1A457586-DFEF-42C7-B784-43BCD27FE915}.Debug|x64.Build.0 = Debug|Any CPU
		{1A457586-DFEF-42C7-B784-43BCD27FE915}.Debug|x86.ActiveCfg = Debug|Any CPU
		{1A457586-DFEF-42C7-B784-43BCD27FE915}.Debug|x86.Build.0 = Debug|Any CPU
		{1A457586-DFEF-42C7-B784-43BCD27FE915}.Release|Any CPU.ActiveCfg = Release|Any CPU
		{1A457586-DFEF-42C7-B784-43BCD27FE915}.Release|Any CPU.Build.0 = Release|Any CPU
		{1A457586-DFEF-42C7-B784-43BCD27FE915}.Release|x64.ActiveCfg = Release|Any CPU
		{1A457586-DFEF-42C7-B784-43BCD27FE915}.Release|x64.Build.0 = Release|Any CPU
		{1A457586-DFEF-42C7-B784-43BCD27FE915}.Release|x86.ActiveCfg = Release|Any CPU
		{1A457586-DFEF-42C7-B784-43BCD27FE915}.Release|x86.Build.0 = Release|Any CPU
		{2891323A-9702-416E-8BA3-9A53A775E50F}.Debug|Any CPU.ActiveCfg = Debug|Any CPU
		{2891323A-9702-416E-8BA3-9A53A775E50F}.Debug|Any CPU.Build.0 = Debug|Any CPU
		{2891323A-9702-416E-8BA3-9A53A775E50F}.Debug|x64.ActiveCfg = Debug|Any CPU
		{2891323A-9702-416E-8BA3-9A53A775E50F}.Debug|x64.Build.0 = Debug|Any CPU
		{2891323A-9702-416E-8BA3-9A53A775E50F}.Debug|x86.ActiveCfg = Debug|Any CPU
		{2891323A-9702-416E-8BA3-9A53A775E50F}.Debug|x86.Build.0 = Debug|Any CPU
		{2891323A-9702-416E-8BA3-9A53A775E50F}.Release|Any CPU.ActiveCfg = Release|Any CPU
		{2891323A-9702-416E-8BA3-9A53A775E50F}.Release|Any CPU.Build.0 = Release|Any CPU
		{2891323A-9702-416E-8BA3-9A53A775E50F}.Release|x64.ActiveCfg = Release|Any CPU
		{2891323A-9702-416E-8BA3-9A53A775E50F}.Release|x64.Build.0 = Release|Any CPU
		{2891323A-9702-416E-8BA3-9A53A775E50F}.Release|x86.ActiveCfg = Release|Any CPU
		{2891323A-9702-416E-8BA3-9A53A775E50F}.Release|x86.Build.0 = Release|Any CPU
		{8F896723-4878-4A88-8FF4-8087EB415D46}.Debug|Any CPU.ActiveCfg = Debug|Any CPU
		{8F896723-4878-4A88-8FF4-8087EB415D46}.Debug|Any CPU.Build.0 = Debug|Any CPU
		{8F896723-4878-4A88-8FF4-8087EB415D46}.Debug|x64.ActiveCfg = Debug|Any CPU
		{8F896723-4878-4A88-8FF4-8087EB415D46}.Debug|x64.Build.0 = Debug|Any CPU
		{8F896723-4878-4A88-8FF4-8087EB415D46}.Debug|x86.ActiveCfg = Debug|Any CPU
		{8F896723-4878-4A88-8FF4-8087EB415D46}.Debug|x86.Build.0 = Debug|Any CPU
		{8F896723-4878-4A88-8FF4-8087EB415D46}.Release|Any CPU.ActiveCfg = Release|Any CPU
		{8F896723-4878-4A88-8FF4-8087EB415D46}.Release|Any CPU.Build.0 = Release|Any CPU
		{8F896723-4878-4A88-8FF4-8087EB415D46}.Release|x64.ActiveCfg = Release|Any CPU
		{8F896723-4878-4A88-8FF4-8087EB415D46}.Release|x64.Build.0 = Release|Any CPU
		{8F896723-4878-4A88-8FF4-8087EB415D46}.Release|x86.ActiveCfg = Release|Any CPU
		{8F896723-4878-4A88-8FF4-8087EB415D46}.Release|x86.Build.0 = Release|Any CPU
	EndGlobalSection
	GlobalSection(SolutionProperties) = preSolution
		HideSolutionNode = FALSE
	EndGlobalSection
	GlobalSection(NestedProjects) = preSolution
		{6CF23FF5-4B63-475E-8043-9F77003523D0} = {827E0CD3-B72D-47B6-A68D-7590B98EB39B}
		{D75A401E-5D35-4BB3-BD58-8CC1A23A185D} = {827E0CD3-B72D-47B6-A68D-7590B98EB39B}
		{917F3A5F-E8F3-4E47-8152-1E272E87E1F3} = {827E0CD3-B72D-47B6-A68D-7590B98EB39B}
		{8E538A21-8B92-40B8-80E6-C86AD647F940} = {827E0CD3-B72D-47B6-A68D-7590B98EB39B}
		{9037D5AF-978E-4101-A578-23D00DCC8928} = {827E0CD3-B72D-47B6-A68D-7590B98EB39B}
		{1A457586-DFEF-42C7-B784-43BCD27FE915} = {827E0CD3-B72D-47B6-A68D-7590B98EB39B}
		{2891323A-9702-416E-8BA3-9A53A775E50F} = {827E0CD3-B72D-47B6-A68D-7590B98EB39B}
		{8F896723-4878-4A88-8FF4-8087EB415D46} = {827E0CD3-B72D-47B6-A68D-7590B98EB39B}
	EndGlobalSection
EndGlobal
